{
  "name": "passport-custom",
  "version": "1.2.0",
  "lockfileVersion": 3,
  "requires": true,
  "packages": {
    "": {
      "name": "passport-custom",
      "version": "1.2.0",
      "license": "MIT",
      "dependencies": {
        "passport-strategy": "1.x.x"
      },
      "devDependencies": {
        "chai": "^2.1.0",
        "chai-passport-strategy": "0.1.x"
      },
      "engines": {
        "node": ">= 0.10.0"
      }
    },
    "node_modules/assertion-error": {
      "version": "1.0.0",
      "resolved": "https://registry.npmjs.org/assertion-error/-/assertion-error-1.0.0.tgz",
      "integrity": "sha512-g/gZV+G476cnmtYI+Ko9d5khxSoCSoom/EaNmmCfwpOvBXEJ18qwFrxfP1/CsIqk2no1sAKKwxndV0tP7ROOFQ==",
      "dev": true,
      "license": "MIT",
      "engines": {
        "node": "*"
      }
    },
    "node_modules/chai": {
      "version": "2.3.0",
      "resolved": "https://registry.npmjs.org/chai/-/chai-2.3.0.tgz",
      "integrity": "sha512-/HtcZZzZolyYgU8x3qClyPGxWS0/TKihLbIuQHam40hZwgyx/6sbm2iLfk8I43mBm2Dk8GoyVstgQLSxUwgShw==",
      "dev": true,
      "license": "MIT",
      "dependencies": {
        "assertion-error": "1.0.0",
        "deep-eql": "0.1.3"
      },
      "engines": {
        "node": ">= 0.4.0"
      }
    },
    "node_modules/chai-passport-strategy": {
      "version": "0.1.0",
      "resolved": "https://registry.npmjs.org/chai-passport-strategy/-/chai-passport-strategy-0.1.0.tgz",
      "integrity": "sha512-uat2uKMCvk86/bo7SVg4PfPFoBdCAiKWJxJYLiyoxFWo1BUMVFeWHXsjFU3po/iOM+rFzbyhY7jVkMw2ZmW4kA==",
      "dev": true,
      "engines": {
        "node": ">= 0.4.0"
      }
    },
    "node_modules/deep-eql": {
      "version": "0.1.3",
      "resolved": "https://registry.npmjs.org/deep-eql/-/deep-eql-0.1.3.tgz",
      "integrity": "sha512-6sEotTRGBFiNcqVoeHwnfopbSpi5NbH1VWJmYCVkmxMmaVTT0bUTrNaGyBwhgP4MZL012W/mkzIn3Da+iDYweg==",
      "dev": true,
      "license": "MIT",
      "dependencies": {
        "type-detect": "0.1.1"
      },
      "engines": {
        "node": "*"
      }
    },
    "node_modules/passport-strategy": {
      "version": "1.0.0",
      "resolved": "https://registry.npmjs.org/passport-strategy/-/passport-strategy-1.0.0.tgz",
      "integrity": "sha512-CB97UUvDKJde2V0KDWWB3lyf6PC3FaZP7YxZ2G8OAtn9p4HI9j9JLP9qjOGZFvyl8uwNT8qM+hGnz/n16NI7oA==",
      "engines": {
        "node": ">= 0.4.0"
      }
    },
    "node_modules/type-detect": {
      "version": "0.1.1",
      "resolved": "https://registry.npmjs.org/type-detect/-/type-detect-0.1.1.tgz",
      "integrity": "sha512-5rqszGVwYgBoDkIm2oUtvkfZMQ0vk29iDMU0W2qCa3rG0vPDNczCMT4hV/bLBgLg8k8ri6+u3Zbt+S/14eMzlA==",
      "dev": true,
      "license": "MIT",
      "engines": {
        "node": "*"
      }
    }
  }
}
